
Microsoft Visual Studio Solution File, Format Version 12.00
# Visual Studio Version 16
VisualStudioVersion = 16.0.30011.22
MinimumVisualStudioVersion = 10.0.40219.1
Project("{FAE04EC0-301F-11D3-BF4B-00C04F79EFBC}") = "ConsoleAppSimplificaFraccion", "ConsoleAppSimplificaFraccion\ConsoleAppSimplificaFraccion.csproj", "{9843C35E-63D0-4910-91BA-153050C0A7B7}"
EndProject
Project("{FAE04EC0-301F-11D3-BF4B-00C04F79EFBC}") = "WebAppValidaNombres", "WebAppValidaNombres\WebAppValidaNombres.csproj", "{9451C08B-3791-4661-B6ED-5AE20748D43E}"
EndProject
Global
	GlobalSection(SolutionConfigurationPlatforms) = preSolution
		Debug|Any CPU = Debug|Any CPU
		Release|Any CPU = Release|Any CPU
	EndGlobalSection
	GlobalSection(ProjectConfigurationPlatforms) = postSolution
		{9843C35E-63D0-4910-91BA-153050C0A7B7}.Debug|Any CPU.ActiveCfg = Debug|Any CPU
		{9843C35E-63D0-4910-91BA-153050C0A7B7}.Debug|Any CPU.Build.0 = Debug|Any CPU
		{9843C35E-63D0-4910-91BA-153050C0A7B7}.Release|Any CPU.ActiveCfg = Release|Any CPU
		{9843C35E-63D0-4910-91BA-153050C0A7B7}.Release|Any CPU.Build.0 = Release|Any CPU
		{9451C08B-3791-4661-B6ED-5AE20748D43E}.Debug|Any CPU.ActiveCfg = Debug|Any CPU
		{9451C08B-3791-4661-B6ED-5AE20748D43E}.Debug|Any CPU.Build.0 = Debug|Any CPU
		{9451C08B-3791-4661-B6ED-5AE20748D43E}.Release|Any CPU.ActiveCfg = Release|Any CPU
		{9451C08B-3791-4661-B6ED-5AE20748D43E}.Release|Any CPU.Build.0 = Release|Any CPU
	EndGlobalSection
	GlobalSection(SolutionProperties) = preSolution
		HideSolutionNode = FALSE
	EndGlobalSection
	GlobalSection(ExtensibilityGlobals) = postSolution
		SolutionGuid = {CDFFBEBB-7C11-4446-B12C-0861F87BB47E}
	EndGlobalSection
EndGlobal
